
Microsoft Visual Studio Solution File, Format Version 12.00
# Visual Studio Version 17
VisualStudioVersion = 17.13.35828.75 d17.13
MinimumVisualStudioVersion = 10.0.40219.1
Project("{FAE04EC0-301F-11D3-BF4B-00C04F79EFBC}") = "GarageService.GarageApp", "GarageService.GarageApp\GarageService.GarageApp.csproj", "{F804199F-219D-452D-8D55-60D225DAC0BC}"
EndProject
Global
	GlobalSection(SolutionConfigurationPlatforms) = preSolution
		Debug|Any CPU = Debug|Any CPU
		Release|Any CPU = Release|Any CPU
	EndGlobalSection
	GlobalSection(ProjectConfigurationPlatforms) = postSolution
		{F804199F-219D-452D-8D55-60D225DAC0BC}.Debug|Any CPU.ActiveCfg = Debug|Any CPU
		{F804199F-219D-452D-8D55-60D225DAC0BC}.Debug|Any CPU.Build.0 = Debug|Any CPU
		{F804199F-219D-452D-8D55-60D225DAC0BC}.Release|Any CPU.ActiveCfg = Release|Any CPU
		{F804199F-219D-452D-8D55-60D225DAC0BC}.Release|Any CPU.Build.0 = Release|Any CPU
	EndGlobalSection
	GlobalSection(SolutionProperties) = preSolution
		HideSolutionNode = FALSE
	EndGlobalSection
	GlobalSection(ExtensibilityGlobals) = postSolution
		SolutionGuid = {860DBC95-CCCA-4EEB-98DC-237E82E971A4}
	EndGlobalSection
EndGlobal
